
Microsoft Visual Studio Solution File, Format Version 12.00
# Visual Studio 15
VisualStudioVersion = 15.0.26730.12
MinimumVisualStudioVersion = 10.0.40219.1
Project("{FAE04EC0-301F-11D3-BF4B-00C04F79EFBC}") = "DelegateDemo", "DelegateDemo\DelegateDemo.csproj", "{5B8E856C-711E-4B9B-B5DA-3B2CAC9B7872}"
EndProject
Global
	GlobalSection(SolutionConfigurationPlatforms) = preSolution
		Debug|Any CPU = Debug|Any CPU
		Release|Any CPU = Release|Any CPU
	EndGlobalSection
	GlobalSection(ProjectConfigurationPlatforms) = postSolution
		{5B8E856C-711E-4B9B-B5DA-3B2CAC9B7872}.Debug|Any CPU.ActiveCfg = Debug|Any CPU
		{5B8E856C-711E-4B9B-B5DA-3B2CAC9B7872}.Debug|Any CPU.Build.0 = Debug|Any CPU
		{5B8E856C-711E-4B9B-B5DA-3B2CAC9B7872}.Release|Any CPU.ActiveCfg = Release|Any CPU
		{5B8E856C-711E-4B9B-B5DA-3B2CAC9B7872}.Release|Any CPU.Build.0 = Release|Any CPU
	EndGlobalSection
	GlobalSection(SolutionProperties) = preSolution
		HideSolutionNode = FALSE
	EndGlobalSection
	GlobalSection(ExtensibilityGlobals) = postSolution
		SolutionGuid = {1E00731A-3839-4334-A176-B505C8BE50E8}
	EndGlobalSection
EndGlobal
